
Microsoft Visual Studio Solution File, Format Version 12.00
# Visual Studio 15
VisualStudioVersion = 15.0.26228.9
MinimumVisualStudioVersion = 10.0.40219.1
Project("{FAE04EC0-301F-11D3-BF4B-00C04F79EFBC}") = "auction-run", "auction-run\auction-run.csproj", "{699FF984-7467-4A0F-A36B-6D220CBD822C}"
EndProject
Project("{FAE04EC0-301F-11D3-BF4B-00C04F79EFBC}") = "IAA.Auctions", "IAA.Auctions\IAA.Auctions.csproj", "{236E678F-DC58-43CE-AEFE-ADFA709C15D1}"
EndProject
Project("{FAE04EC0-301F-11D3-BF4B-00C04F79EFBC}") = "IAA.Business", "IAA.Business\IAA.Business.csproj", "{DFB97C0B-4846-4B23-A51B-5F6467B19D65}"
EndProject
Global
	GlobalSection(SolutionConfigurationPlatforms) = preSolution
		Debug|Any CPU = Debug|Any CPU
		Release|Any CPU = Release|Any CPU
	EndGlobalSection
	GlobalSection(ProjectConfigurationPlatforms) = postSolution
		{699FF984-7467-4A0F-A36B-6D220CBD822C}.Debug|Any CPU.ActiveCfg = Debug|Any CPU
		{699FF984-7467-4A0F-A36B-6D220CBD822C}.Debug|Any CPU.Build.0 = Debug|Any CPU
		{699FF984-7467-4A0F-A36B-6D220CBD822C}.Release|Any CPU.ActiveCfg = Release|Any CPU
		{699FF984-7467-4A0F-A36B-6D220CBD822C}.Release|Any CPU.Build.0 = Release|Any CPU
		{236E678F-DC58-43CE-AEFE-ADFA709C15D1}.Debug|Any CPU.ActiveCfg = Debug|Any CPU
		{236E678F-DC58-43CE-AEFE-ADFA709C15D1}.Debug|Any CPU.Build.0 = Debug|Any CPU
		{236E678F-DC58-43CE-AEFE-ADFA709C15D1}.Release|Any CPU.ActiveCfg = Release|Any CPU
		{236E678F-DC58-43CE-AEFE-ADFA709C15D1}.Release|Any CPU.Build.0 = Release|Any CPU
		{DFB97C0B-4846-4B23-A51B-5F6467B19D65}.Debug|Any CPU.ActiveCfg = Debug|Any CPU
		{DFB97C0B-4846-4B23-A51B-5F6467B19D65}.Debug|Any CPU.Build.0 = Debug|Any CPU
		{DFB97C0B-4846-4B23-A51B-5F6467B19D65}.Release|Any CPU.ActiveCfg = Release|Any CPU
		{DFB97C0B-4846-4B23-A51B-5F6467B19D65}.Release|Any CPU.Build.0 = Release|Any CPU
	EndGlobalSection
	GlobalSection(SolutionProperties) = preSolution
		HideSolutionNode = FALSE
	EndGlobalSection
EndGlobal
